
Microsoft Visual Studio Solution File, Format Version 12.00
# Visual Studio Version 17
VisualStudioVersion = 17.10.35013.160
MinimumVisualStudioVersion = 10.0.40219.1
Project("{FAE04EC0-301F-11D3-BF4B-00C04F79EFBC}") = "ReverseGeocoding.Tests", "ReverseGeocoder.Tests.Fixed\ReverseGeocoding.Tests.csproj", "{76AD20BA-2DBD-4F02-B415-1B15D58EF0C1}"
EndProject
Project("{FAE04EC0-301F-11D3-BF4B-00C04F79EFBC}") = "ReverseGeocoding", "ReverseGeocoder.NetCore\ReverseGeocoding.csproj", "{9D91AA77-F5BF-4DCB-81BC-9C8790277C9F}"
EndProject
Project("{FAE04EC0-301F-11D3-BF4B-00C04F79EFBC}") = "ReverseGeocoding.Benchmarks", "ReverseGeocoder.Benchmarks\ReverseGeocoding.Benchmarks.csproj", "{94623411-84AB-453E-ABE0-6341E27EA1A4}"
EndProject
Global
	GlobalSection(SolutionConfigurationPlatforms) = preSolution
		Debug|Any CPU = Debug|Any CPU
		Release|Any CPU = Release|Any CPU
	EndGlobalSection
	GlobalSection(ProjectConfigurationPlatforms) = postSolution
		{76AD20BA-2DBD-4F02-B415-1B15D58EF0C1}.Debug|Any CPU.ActiveCfg = Debug|Any CPU
		{76AD20BA-2DBD-4F02-B415-1B15D58EF0C1}.Debug|Any CPU.Build.0 = Debug|Any CPU
		{76AD20BA-2DBD-4F02-B415-1B15D58EF0C1}.Release|Any CPU.ActiveCfg = Release|Any CPU
		{76AD20BA-2DBD-4F02-B415-1B15D58EF0C1}.Release|Any CPU.Build.0 = Release|Any CPU
		{9D91AA77-F5BF-4DCB-81BC-9C8790277C9F}.Debug|Any CPU.ActiveCfg = Debug|Any CPU
		{9D91AA77-F5BF-4DCB-81BC-9C8790277C9F}.Debug|Any CPU.Build.0 = Debug|Any CPU
		{9D91AA77-F5BF-4DCB-81BC-9C8790277C9F}.Release|Any CPU.ActiveCfg = Release|Any CPU
		{9D91AA77-F5BF-4DCB-81BC-9C8790277C9F}.Release|Any CPU.Build.0 = Release|Any CPU
		{94623411-84AB-453E-ABE0-6341E27EA1A4}.Debug|Any CPU.ActiveCfg = Debug|Any CPU
		{94623411-84AB-453E-ABE0-6341E27EA1A4}.Debug|Any CPU.Build.0 = Debug|Any CPU
		{94623411-84AB-453E-ABE0-6341E27EA1A4}.Release|Any CPU.ActiveCfg = Release|Any CPU
		{94623411-84AB-453E-ABE0-6341E27EA1A4}.Release|Any CPU.Build.0 = Release|Any CPU
	EndGlobalSection
	GlobalSection(SolutionProperties) = preSolution
		HideSolutionNode = FALSE
	EndGlobalSection
	GlobalSection(ExtensibilityGlobals) = postSolution
		SolutionGuid = {34980E5D-CF2C-4DD2-B709-95F22BECA84E}
	EndGlobalSection
EndGlobal
